{
  "name": "vscode-unrealscript",
  "version": "0.0.2",
  "lockfileVersion": 1,
  "requires": true,
  "dependencies": {
    "@types/node": {
      "version": "8.10.48",
      "resolved": "https://registry.npmjs.org/@types/node/-/node-8.10.48.tgz",
      "integrity": "sha512-c35YEBTkL4rzXY2ucpSKy+UYHjUBIIkuJbWYbsGIrKLEWU5dgJMmLkkIb3qeC3O3Tpb1ZQCwecscvJTDjDjkRw==",
      "dev": true
    },
    "@types/vscode": {
      "version": "1.34.0",
      "resolved": "https://registry.npmjs.org/@types/vscode/-/vscode-1.34.0.tgz",
      "integrity": "sha512-t81rGr6aFw8TMap7UJdikC5ilOtL0yNr/pkovyyTy31fZ4XJehrxLMRh8nJuoOF3+g4rG9ljmtQo7tm6wyoaYA==",
      "dev": true
    },
    "typescript": {
      "version": "3.4.5",
      "resolved": "https://registry.npmjs.org/typescript/-/typescript-3.4.5.tgz",
      "integrity": "sha512-YycBxUb49UUhdNMU5aJ7z5Ej2XGmaIBL0x34vZ82fn3hGvD+bgrMrVDpatgz2f7YxUMJxMkbWxJZeAvDxVe7Vw==",
      "dev": true
    }
  }
}
